
Microsoft Visual Studio Solution File, Format Version 12.00
# Visual Studio Version 17
VisualStudioVersion = 17.13.35919.96
MinimumVisualStudioVersion = 15.0.26124.0
Project("{FAE04EC0-301F-11D3-BF4B-00C04F79EFBC}") = "Gatekeeper", "Gatekeeper\Gatekeeper.csproj", "{9146F397-1927-FED9-87CD-4D975F26CFF1}"
EndProject
Project("{FAE04EC0-301F-11D3-BF4B-00C04F79EFBC}") = "Gatekeeper.Samples", "Gatekeeper.Samples\Gatekeeper.Samples.csproj", "{6E0C0DCA-D42F-8737-8AFF-93A7012CE384}"
EndProject
Project("{FAE04EC0-301F-11D3-BF4B-00C04F79EFBC}") = "Gatekeeper.Tests", "Gatekeeper.Tests\Gatekeeper.Tests.csproj", "{61808112-F023-CF2F-7826-A529D7098BC1}"
EndProject
Global
	GlobalSection(SolutionConfigurationPlatforms) = preSolution
		Debug|Any CPU = Debug|Any CPU
		Release|Any CPU = Release|Any CPU
	EndGlobalSection
	GlobalSection(ProjectConfigurationPlatforms) = postSolution
		{9146F397-1927-FED9-87CD-4D975F26CFF1}.Debug|Any CPU.ActiveCfg = Debug|Any CPU
		{9146F397-1927-FED9-87CD-4D975F26CFF1}.Debug|Any CPU.Build.0 = Debug|Any CPU
		{9146F397-1927-FED9-87CD-4D975F26CFF1}.Release|Any CPU.ActiveCfg = Release|Any CPU
		{9146F397-1927-FED9-87CD-4D975F26CFF1}.Release|Any CPU.Build.0 = Release|Any CPU
		{6E0C0DCA-D42F-8737-8AFF-93A7012CE384}.Debug|Any CPU.ActiveCfg = Debug|Any CPU
		{6E0C0DCA-D42F-8737-8AFF-93A7012CE384}.Debug|Any CPU.Build.0 = Debug|Any CPU
		{6E0C0DCA-D42F-8737-8AFF-93A7012CE384}.Release|Any CPU.ActiveCfg = Release|Any CPU
		{6E0C0DCA-D42F-8737-8AFF-93A7012CE384}.Release|Any CPU.Build.0 = Release|Any CPU
		{61808112-F023-CF2F-7826-A529D7098BC1}.Debug|Any CPU.ActiveCfg = Debug|Any CPU
		{61808112-F023-CF2F-7826-A529D7098BC1}.Debug|Any CPU.Build.0 = Debug|Any CPU
		{61808112-F023-CF2F-7826-A529D7098BC1}.Release|Any CPU.ActiveCfg = Release|Any CPU
		{61808112-F023-CF2F-7826-A529D7098BC1}.Release|Any CPU.Build.0 = Release|Any CPU
	EndGlobalSection
	GlobalSection(SolutionProperties) = preSolution
		HideSolutionNode = FALSE
	EndGlobalSection
	GlobalSection(ExtensibilityGlobals) = postSolution
		SolutionGuid = {380C6B7B-4776-4F25-B010-8B382145B48C}
	EndGlobalSection
EndGlobal
